
Microsoft Visual Studio Solution File, Format Version 12.00
# Visual Studio Version 16
VisualStudioVersion = 16.0.31019.35
MinimumVisualStudioVersion = 10.0.40219.1
Project("{FAE04EC0-301F-11D3-BF4B-00C04F79EFBC}") = "Zadanie2_DecimalToString", "Zadanie2_DecimalToString\Zadanie2_DecimalToString.csproj", "{E2A13653-3988-4855-82B9-A8C98B8387EA}"
EndProject
Global
	GlobalSection(SolutionConfigurationPlatforms) = preSolution
		Debug|Any CPU = Debug|Any CPU
		Release|Any CPU = Release|Any CPU
	EndGlobalSection
	GlobalSection(ProjectConfigurationPlatforms) = postSolution
		{E2A13653-3988-4855-82B9-A8C98B8387EA}.Debug|Any CPU.ActiveCfg = Debug|Any CPU
		{E2A13653-3988-4855-82B9-A8C98B8387EA}.Debug|Any CPU.Build.0 = Debug|Any CPU
		{E2A13653-3988-4855-82B9-A8C98B8387EA}.Release|Any CPU.ActiveCfg = Release|Any CPU
		{E2A13653-3988-4855-82B9-A8C98B8387EA}.Release|Any CPU.Build.0 = Release|Any CPU
	EndGlobalSection
	GlobalSection(SolutionProperties) = preSolution
		HideSolutionNode = FALSE
	EndGlobalSection
	GlobalSection(ExtensibilityGlobals) = postSolution
		SolutionGuid = {98C816AA-5C79-4D61-800F-247B691906E8}
	EndGlobalSection
EndGlobal
